
Microsoft Visual Studio Solution File, Format Version 12.00
# Visual Studio Version 18
VisualStudioVersion = 18.6.11806.211 stable
MinimumVisualStudioVersion = 10.0.40219.1
Project("{FAE04EC0-301F-11D3-BF4B-00C04F79EFBC}") = "DemoLogicAppApi", "DemoLogicAppApi\DemoLogicAppApi.csproj", "{51D78F09-AF26-51D3-2C23-A71756CA3C2D}"
EndProject
Project("{FAE04EC0-301F-11D3-BF4B-00C04F79EFBC}") = "DemoLogicAppApi.Tests", "DemoLogicAppApi.Tests\DemoLogicAppApi.Tests.csproj", "{4B818DE9-2721-76CD-294F-A6E3C3E0B24A}"
EndProject
Global
	GlobalSection(SolutionConfigurationPlatforms) = preSolution
		Debug|Any CPU = Debug|Any CPU
		Release|Any CPU = Release|Any CPU
	EndGlobalSection
	GlobalSection(ProjectConfigurationPlatforms) = postSolution
		{51D78F09-AF26-51D3-2C23-A71756CA3C2D}.Debug|Any CPU.ActiveCfg = Debug|Any CPU
		{51D78F09-AF26-51D3-2C23-A71756CA3C2D}.Debug|Any CPU.Build.0 = Debug|Any CPU
		{51D78F09-AF26-51D3-2C23-A71756CA3C2D}.Release|Any CPU.ActiveCfg = Release|Any CPU
		{51D78F09-AF26-51D3-2C23-A71756CA3C2D}.Release|Any CPU.Build.0 = Release|Any CPU
		{4B818DE9-2721-76CD-294F-A6E3C3E0B24A}.Debug|Any CPU.ActiveCfg = Debug|Any CPU
		{4B818DE9-2721-76CD-294F-A6E3C3E0B24A}.Debug|Any CPU.Build.0 = Debug|Any CPU
		{4B818DE9-2721-76CD-294F-A6E3C3E0B24A}.Release|Any CPU.ActiveCfg = Release|Any CPU
		{4B818DE9-2721-76CD-294F-A6E3C3E0B24A}.Release|Any CPU.Build.0 = Release|Any CPU
	EndGlobalSection
	GlobalSection(SolutionProperties) = preSolution
		HideSolutionNode = FALSE
	EndGlobalSection
	GlobalSection(ExtensibilityGlobals) = postSolution
		SolutionGuid = {0A145F44-F610-416E-B5DD-08681F979562}
	EndGlobalSection
EndGlobal
